
Microsoft Visual Studio Solution File, Format Version 12.00
# Visual Studio Version 17
VisualStudioVersion = 17.9.34607.119
MinimumVisualStudioVersion = 10.0.40219.1
Project("{FAE04EC0-301F-11D3-BF4B-00C04F79EFBC}") = "MoonBucksCafe", "MoonBucksCafe.csproj", "{0BF580E7-4B83-4D90-AC16-3FC42EDA5952}"
EndProject
Global
	GlobalSection(SolutionConfigurationPlatforms) = preSolution
		Debug|Any CPU = Debug|Any CPU
		Release|Any CPU = Release|Any CPU
	EndGlobalSection
	GlobalSection(ProjectConfigurationPlatforms) = postSolution
		{0BF580E7-4B83-4D90-AC16-3FC42EDA5952}.Debug|Any CPU.ActiveCfg = Debug|Any CPU
		{0BF580E7-4B83-4D90-AC16-3FC42EDA5952}.Debug|Any CPU.Build.0 = Debug|Any CPU
		{0BF580E7-4B83-4D90-AC16-3FC42EDA5952}.Release|Any CPU.ActiveCfg = Release|Any CPU
		{0BF580E7-4B83-4D90-AC16-3FC42EDA5952}.Release|Any CPU.Build.0 = Release|Any CPU
	EndGlobalSection
	GlobalSection(SolutionProperties) = preSolution
		HideSolutionNode = FALSE
	EndGlobalSection
	GlobalSection(ExtensibilityGlobals) = postSolution
		SolutionGuid = {29EC6351-453F-40A5-9665-4E09B9ADB48D}
	EndGlobalSection
EndGlobal
